
Microsoft Visual Studio Solution File, Format Version 12.00
# Visual Studio Version 16
VisualStudioVersion = 16.0.31105.61
MinimumVisualStudioVersion = 10.0.40219.1
Project("{9A19103F-16F7-4668-BE54-9A1E7A4F7556}") = "BusinessLayer", "VerkoopVoetbalTrui\BusinessLayer.csproj", "{4FBE8798-EF6B-4E97-80C3-2CA23DB2B76A}"
EndProject
Project("{9A19103F-16F7-4668-BE54-9A1E7A4F7556}") = "TestProjectBusinessLayer", "TestProjectBusinessLayer\TestProjectBusinessLayer.csproj", "{BCAE28F0-E936-454E-ACBC-C5C4575F2F6D}"
EndProject
Project("{9A19103F-16F7-4668-BE54-9A1E7A4F7556}") = "UserInterface", "UserInterface\UserInterface.csproj", "{00443770-8DF3-4978-A871-6FAD580CDABF}"
EndProject
Project("{9A19103F-16F7-4668-BE54-9A1E7A4F7556}") = "DataLayer", "DataLayer\DataLayer.csproj", "{9BC097CF-72DF-4A0B-BF84-2A4639E90A17}"
EndProject
Project("{9A19103F-16F7-4668-BE54-9A1E7A4F7556}") = "ConsoleTest", "ConsoleTest\ConsoleTest.csproj", "{BB28FAEE-C7B7-44A6-A03D-FFB144B2AF05}"
EndProject
Project("{FAE04EC0-301F-11D3-BF4B-00C04F79EFBC}") = "UILayer", "UILayer\UILayer.csproj", "{AEA76005-258D-4E30-A2EF-E44043036B3B}"
EndProject
Global
	GlobalSection(SolutionConfigurationPlatforms) = preSolution
		Debug|Any CPU = Debug|Any CPU
		Release|Any CPU = Release|Any CPU
	EndGlobalSection
	GlobalSection(ProjectConfigurationPlatforms) = postSolution
		{4FBE8798-EF6B-4E97-80C3-2CA23DB2B76A}.Debug|Any CPU.ActiveCfg = Debug|Any CPU
		{4FBE8798-EF6B-4E97-80C3-2CA23DB2B76A}.Debug|Any CPU.Build.0 = Debug|Any CPU
		{4FBE8798-EF6B-4E97-80C3-2CA23DB2B76A}.Release|Any CPU.ActiveCfg = Release|Any CPU
		{4FBE8798-EF6B-4E97-80C3-2CA23DB2B76A}.Release|Any CPU.Build.0 = Release|Any CPU
		{BCAE28F0-E936-454E-ACBC-C5C4575F2F6D}.Debug|Any CPU.ActiveCfg = Debug|Any CPU
		{BCAE28F0-E936-454E-ACBC-C5C4575F2F6D}.Debug|Any CPU.Build.0 = Debug|Any CPU
		{BCAE28F0-E936-454E-ACBC-C5C4575F2F6D}.Release|Any CPU.ActiveCfg = Release|Any CPU
		{BCAE28F0-E936-454E-ACBC-C5C4575F2F6D}.Release|Any CPU.Build.0 = Release|Any CPU
		{00443770-8DF3-4978-A871-6FAD580CDABF}.Debug|Any CPU.ActiveCfg = Debug|Any CPU
		{00443770-8DF3-4978-A871-6FAD580CDABF}.Debug|Any CPU.Build.0 = Debug|Any CPU
		{00443770-8DF3-4978-A871-6FAD580CDABF}.Release|Any CPU.ActiveCfg = Release|Any CPU
		{00443770-8DF3-4978-A871-6FAD580CDABF}.Release|Any CPU.Build.0 = Release|Any CPU
		{9BC097CF-72DF-4A0B-BF84-2A4639E90A17}.Debug|Any CPU.ActiveCfg = Debug|Any CPU
		{9BC097CF-72DF-4A0B-BF84-2A4639E90A17}.Debug|Any CPU.Build.0 = Debug|Any CPU
		{9BC097CF-72DF-4A0B-BF84-2A4639E90A17}.Release|Any CPU.ActiveCfg = Release|Any CPU
		{9BC097CF-72DF-4A0B-BF84-2A4639E90A17}.Release|Any CPU.Build.0 = Release|Any CPU
		{BB28FAEE-C7B7-44A6-A03D-FFB144B2AF05}.Debug|Any CPU.ActiveCfg = Debug|Any CPU
		{BB28FAEE-C7B7-44A6-A03D-FFB144B2AF05}.Debug|Any CPU.Build.0 = Debug|Any CPU
		{BB28FAEE-C7B7-44A6-A03D-FFB144B2AF05}.Release|Any CPU.ActiveCfg = Release|Any CPU
		{BB28FAEE-C7B7-44A6-A03D-FFB144B2AF05}.Release|Any CPU.Build.0 = Release|Any CPU
		{AEA76005-258D-4E30-A2EF-E44043036B3B}.Debug|Any CPU.ActiveCfg = Debug|Any CPU
		{AEA76005-258D-4E30-A2EF-E44043036B3B}.Debug|Any CPU.Build.0 = Debug|Any CPU
		{AEA76005-258D-4E30-A2EF-E44043036B3B}.Release|Any CPU.ActiveCfg = Release|Any CPU
		{AEA76005-258D-4E30-A2EF-E44043036B3B}.Release|Any CPU.Build.0 = Release|Any CPU
	EndGlobalSection
	GlobalSection(SolutionProperties) = preSolution
		HideSolutionNode = FALSE
	EndGlobalSection
	GlobalSection(ExtensibilityGlobals) = postSolution
		SolutionGuid = {1DA9CE07-AE38-4FB0-8F8E-15BFA7020A28}
	EndGlobalSection
EndGlobal
